
Microsoft Visual Studio Solution File, Format Version 12.00
# Visual Studio Version 17
VisualStudioVersion = 17.14.36221.1
MinimumVisualStudioVersion = 10.0.40219.1
Project("{FAE04EC0-301F-11D3-BF4B-00C04F79EFBC}") = "SummaryAndCheck", "SummaryAndCheck\SummaryAndCheck.csproj", "{912B8F13-C164-4802-90AB-7DA727360255}"
EndProject
Project("{FAE04EC0-301F-11D3-BF4B-00C04F79EFBC}") = "SummaryAndCheck.Models", "SummaryAndCheck.Models\SummaryAndCheck.Models.csproj", "{1EF43CE7-45A4-4986-B49A-3122389455D1}"
EndProject
Project("{FAE04EC0-301F-11D3-BF4B-00C04F79EFBC}") = "Hcs.Discord", "Hcs.Discord\Hcs.Discord.csproj", "{FBB08CC1-7016-4E54-B9B1-5CF8E8A57C45}"
EndProject
Project("{FAE04EC0-301F-11D3-BF4B-00C04F79EFBC}") = "Hcs.LightI18n", "Hcs.LightI18n\Hcs.LightI18n.csproj", "{C7F0AD65-9BA9-4E98-B665-82BD06C05424}"
EndProject
Project("{FAE04EC0-301F-11D3-BF4B-00C04F79EFBC}") = "Hcs.LightI18n.AspNetCore", "Hcs.LightI18n.AspNetCore\Hcs.LightI18n.AspNetCore.csproj", "{3480F391-F2C1-4BD4-8416-40CD7F823ED6}"
EndProject
Project("{FAE04EC0-301F-11D3-BF4B-00C04F79EFBC}") = "Hcs.LightI18n.Tests", "Hcs.LightI18n.Tests\Hcs.LightI18n.Tests.csproj", "{443DCC6F-BD25-3E32-5A38-A586A55D3067}"
EndProject
Project("{FAE04EC0-301F-11D3-BF4B-00C04F79EFBC}") = "AdminInterface", "AdminInterface\AdminInterface.csproj", "{A4F6D151-5179-44A8-ACDE-5032C9E490BE}"
EndProject
Global
	GlobalSection(SolutionConfigurationPlatforms) = preSolution
		AntiBot|Any CPU = AntiBot|Any CPU
		AntiBot|x64 = AntiBot|x64
		AntiBot|x86 = AntiBot|x86
		Debug|Any CPU = Debug|Any CPU
		Debug|x64 = Debug|x64
		Debug|x86 = Debug|x86
		Release|Any CPU = Release|Any CPU
		Release|x64 = Release|x64
		Release|x86 = Release|x86
	EndGlobalSection
	GlobalSection(ProjectConfigurationPlatforms) = postSolution
		{912B8F13-C164-4802-90AB-7DA727360255}.AntiBot|Any CPU.ActiveCfg = AntiBot|Any CPU
		{912B8F13-C164-4802-90AB-7DA727360255}.AntiBot|Any CPU.Build.0 = AntiBot|Any CPU
		{912B8F13-C164-4802-90AB-7DA727360255}.AntiBot|x64.ActiveCfg = AntiBot|Any CPU
		{912B8F13-C164-4802-90AB-7DA727360255}.AntiBot|x64.Build.0 = AntiBot|Any CPU
		{912B8F13-C164-4802-90AB-7DA727360255}.AntiBot|x86.ActiveCfg = AntiBot|Any CPU
		{912B8F13-C164-4802-90AB-7DA727360255}.AntiBot|x86.Build.0 = AntiBot|Any CPU
		{912B8F13-C164-4802-90AB-7DA727360255}.Debug|Any CPU.ActiveCfg = Debug|Any CPU
		{912B8F13-C164-4802-90AB-7DA727360255}.Debug|Any CPU.Build.0 = Debug|Any CPU
		{912B8F13-C164-4802-90AB-7DA727360255}.Debug|x64.ActiveCfg = Debug|Any CPU
		{912B8F13-C164-4802-90AB-7DA727360255}.Debug|x64.Build.0 = Debug|Any CPU
		{912B8F13-C164-4802-90AB-7DA727360255}.Debug|x86.ActiveCfg = Debug|Any CPU
		{912B8F13-C164-4802-90AB-7DA727360255}.Debug|x86.Build.0 = Debug|Any CPU
		{912B8F13-C164-4802-90AB-7DA727360255}.Release|Any CPU.ActiveCfg = Release|Any CPU
		{912B8F13-C164-4802-90AB-7DA727360255}.Release|Any CPU.Build.0 = Release|Any CPU
		{912B8F13-C164-4802-90AB-7DA727360255}.Release|x64.ActiveCfg = Release|Any CPU
		{912B8F13-C164-4802-90AB-7DA727360255}.Release|x64.Build.0 = Release|Any CPU
		{912B8F13-C164-4802-90AB-7DA727360255}.Release|x86.ActiveCfg = Release|Any CPU
		{912B8F13-C164-4802-90AB-7DA727360255}.Release|x86.Build.0 = Release|Any CPU
		{1EF43CE7-45A4-4986-B49A-3122389455D1}.AntiBot|Any CPU.ActiveCfg = AntiBot|Any CPU
		{1EF43CE7-45A4-4986-B49A-3122389455D1}.AntiBot|Any CPU.Build.0 = AntiBot|Any CPU
		{1EF43CE7-45A4-4986-B49A-3122389455D1}.AntiBot|x64.ActiveCfg = AntiBot|Any CPU
		{1EF43CE7-45A4-4986-B49A-3122389455D1}.AntiBot|x64.Build.0 = AntiBot|Any CPU
		{1EF43CE7-45A4-4986-B49A-3122389455D1}.AntiBot|x86.ActiveCfg = AntiBot|Any CPU
		{1EF43CE7-45A4-4986-B49A-3122389455D1}.AntiBot|x86.Build.0 = AntiBot|Any CPU
		{1EF43CE7-45A4-4986-B49A-3122389455D1}.Debug|Any CPU.ActiveCfg = Debug|Any CPU
		{1EF43CE7-45A4-4986-B49A-3122389455D1}.Debug|Any CPU.Build.0 = Debug|Any CPU
		{1EF43CE7-45A4-4986-B49A-3122389455D1}.Debug|x64.ActiveCfg = Debug|Any CPU
		{1EF43CE7-45A4-4986-B49A-3122389455D1}.Debug|x64.Build.0 = Debug|Any CPU
		{1EF43CE7-45A4-4986-B49A-3122389455D1}.Debug|x86.ActiveCfg = Debug|Any CPU
		{1EF43CE7-45A4-4986-B49A-3122389455D1}.Debug|x86.Build.0 = Debug|Any CPU
		{1EF43CE7-45A4-4986-B49A-3122389455D1}.Release|Any CPU.ActiveCfg = Release|Any CPU
		{1EF43CE7-45A4-4986-B49A-3122389455D1}.Release|Any CPU.Build.0 = Release|Any CPU
		{1EF43CE7-45A4-4986-B49A-3122389455D1}.Release|x64.ActiveCfg = Release|Any CPU
		{1EF43CE7-45A4-4986-B49A-3122389455D1}.Release|x64.Build.0 = Release|Any CPU
		{1EF43CE7-45A4-4986-B49A-3122389455D1}.Release|x86.ActiveCfg = Release|Any CPU
		{1EF43CE7-45A4-4986-B49A-3122389455D1}.Release|x86.Build.0 = Release|Any CPU
		{FBB08CC1-7016-4E54-B9B1-5CF8E8A57C45}.AntiBot|Any CPU.ActiveCfg = AntiBot|Any CPU
		{FBB08CC1-7016-4E54-B9B1-5CF8E8A57C45}.AntiBot|Any CPU.Build.0 = AntiBot|Any CPU
		{FBB08CC1-7016-4E54-B9B1-5CF8E8A57C45}.AntiBot|x64.ActiveCfg = AntiBot|Any CPU
		{FBB08CC1-7016-4E54-B9B1-5CF8E8A57C45}.AntiBot|x64.Build.0 = AntiBot|Any CPU
		{FBB08CC1-7016-4E54-B9B1-5CF8E8A57C45}.AntiBot|x86.ActiveCfg = AntiBot|Any CPU
		{FBB08CC1-7016-4E54-B9B1-5CF8E8A57C45}.AntiBot|x86.Build.0 = AntiBot|Any CPU
		{FBB08CC1-7016-4E54-B9B1-5CF8E8A57C45}.Debug|Any CPU.ActiveCfg = Debug|Any CPU
		{FBB08CC1-7016-4E54-B9B1-5CF8E8A57C45}.Debug|Any CPU.Build.0 = Debug|Any CPU
		{FBB08CC1-7016-4E54-B9B1-5CF8E8A57C45}.Debug|x64.ActiveCfg = Debug|Any CPU
		{FBB08CC1-7016-4E54-B9B1-5CF8E8A57C45}.Debug|x64.Build.0 = Debug|Any CPU
		{FBB08CC1-7016-4E54-B9B1-5CF8E8A57C45}.Debug|x86.ActiveCfg = Debug|Any CPU
		{FBB08CC1-7016-4E54-B9B1-5CF8E8A57C45}.Debug|x86.Build.0 = Debug|Any CPU
		{FBB08CC1-7016-4E54-B9B1-5CF8E8A57C45}.Release|Any CPU.ActiveCfg = Release|Any CPU
		{FBB08CC1-7016-4E54-B9B1-5CF8E8A57C45}.Release|Any CPU.Build.0 = Release|Any CPU
		{FBB08CC1-7016-4E54-B9B1-5CF8E8A57C45}.Release|x64.ActiveCfg = Release|Any CPU
		{FBB08CC1-7016-4E54-B9B1-5CF8E8A57C45}.Release|x64.Build.0 = Release|Any CPU
		{FBB08CC1-7016-4E54-B9B1-5CF8E8A57C45}.Release|x86.ActiveCfg = Release|Any CPU
		{FBB08CC1-7016-4E54-B9B1-5CF8E8A57C45}.Release|x86.Build.0 = Release|Any CPU
		{C7F0AD65-9BA9-4E98-B665-82BD06C05424}.AntiBot|Any CPU.ActiveCfg = AntiBot|Any CPU
		{C7F0AD65-9BA9-4E98-B665-82BD06C05424}.AntiBot|Any CPU.Build.0 = AntiBot|Any CPU
		{C7F0AD65-9BA9-4E98-B665-82BD06C05424}.AntiBot|x64.ActiveCfg = AntiBot|Any CPU
		{C7F0AD65-9BA9-4E98-B665-82BD06C05424}.AntiBot|x64.Build.0 = AntiBot|Any CPU
		{C7F0AD65-9BA9-4E98-B665-82BD06C05424}.AntiBot|x86.ActiveCfg = AntiBot|Any CPU
		{C7F0AD65-9BA9-4E98-B665-82BD06C05424}.AntiBot|x86.Build.0 = AntiBot|Any CPU
		{C7F0AD65-9BA9-4E98-B665-82BD06C05424}.Debug|Any CPU.ActiveCfg = Debug|Any CPU
		{C7F0AD65-9BA9-4E98-B665-82BD06C05424}.Debug|Any CPU.Build.0 = Debug|Any CPU
		{C7F0AD65-9BA9-4E98-B665-82BD06C05424}.Debug|x64.ActiveCfg = Debug|Any CPU
		{C7F0AD65-9BA9-4E98-B665-82BD06C05424}.Debug|x64.Build.0 = Debug|Any CPU
		{C7F0AD65-9BA9-4E98-B665-82BD06C05424}.Debug|x86.ActiveCfg = Debug|Any CPU
		{C7F0AD65-9BA9-4E98-B665-82BD06C05424}.Debug|x86.Build.0 = Debug|Any CPU
		{C7F0AD65-9BA9-4E98-B665-82BD06C05424}.Release|Any CPU.ActiveCfg = Release|Any CPU
		{C7F0AD65-9BA9-4E98-B665-82BD06C05424}.Release|Any CPU.Build.0 = Release|Any CPU
		{C7F0AD65-9BA9-4E98-B665-82BD06C05424}.Release|x64.ActiveCfg = Release|Any CPU
		{C7F0AD65-9BA9-4E98-B665-82BD06C05424}.Release|x64.Build.0 = Release|Any CPU
		{C7F0AD65-9BA9-4E98-B665-82BD06C05424}.Release|x86.ActiveCfg = Release|Any CPU
		{C7F0AD65-9BA9-4E98-B665-82BD06C05424}.Release|x86.Build.0 = Release|Any CPU
		{3480F391-F2C1-4BD4-8416-40CD7F823ED6}.AntiBot|Any CPU.ActiveCfg = AntiBot|Any CPU
		{3480F391-F2C1-4BD4-8416-40CD7F823ED6}.AntiBot|Any CPU.Build.0 = AntiBot|Any CPU
		{3480F391-F2C1-4BD4-8416-40CD7F823ED6}.AntiBot|x64.ActiveCfg = AntiBot|Any CPU
		{3480F391-F2C1-4BD4-8416-40CD7F823ED6}.AntiBot|x64.Build.0 = AntiBot|Any CPU
		{3480F391-F2C1-4BD4-8416-40CD7F823ED6}.AntiBot|x86.ActiveCfg = AntiBot|Any CPU
		{3480F391-F2C1-4BD4-8416-40CD7F823ED6}.AntiBot|x86.Build.0 = AntiBot|Any CPU
		{3480F391-F2C1-4BD4-8416-40CD7F823ED6}.Debug|Any CPU.ActiveCfg = Debug|Any CPU
		{3480F391-F2C1-4BD4-8416-40CD7F823ED6}.Debug|Any CPU.Build.0 = Debug|Any CPU
		{3480F391-F2C1-4BD4-8416-40CD7F823ED6}.Debug|x64.ActiveCfg = Debug|Any CPU
		{3480F391-F2C1-4BD4-8416-40CD7F823ED6}.Debug|x64.Build.0 = Debug|Any CPU
		{3480F391-F2C1-4BD4-8416-40CD7F823ED6}.Debug|x86.ActiveCfg = Debug|Any CPU
		{3480F391-F2C1-4BD4-8416-40CD7F823ED6}.Debug|x86.Build.0 = Debug|Any CPU
		{3480F391-F2C1-4BD4-8416-40CD7F823ED6}.Release|Any CPU.ActiveCfg = Release|Any CPU
		{3480F391-F2C1-4BD4-8416-40CD7F823ED6}.Release|Any CPU.Build.0 = Release|Any CPU
		{3480F391-F2C1-4BD4-8416-40CD7F823ED6}.Release|x64.ActiveCfg = Release|Any CPU
		{3480F391-F2C1-4BD4-8416-40CD7F823ED6}.Release|x64.Build.0 = Release|Any CPU
		{3480F391-F2C1-4BD4-8416-40CD7F823ED6}.Release|x86.ActiveCfg = Release|Any CPU
		{3480F391-F2C1-4BD4-8416-40CD7F823ED6}.Release|x86.Build.0 = Release|Any CPU
		{443DCC6F-BD25-3E32-5A38-A586A55D3067}.AntiBot|Any CPU.ActiveCfg = AntiBot|Any CPU
		{443DCC6F-BD25-3E32-5A38-A586A55D3067}.AntiBot|Any CPU.Build.0 = AntiBot|Any CPU
		{443DCC6F-BD25-3E32-5A38-A586A55D3067}.AntiBot|x64.ActiveCfg = AntiBot|Any CPU
		{443DCC6F-BD25-3E32-5A38-A586A55D3067}.AntiBot|x64.Build.0 = AntiBot|Any CPU
		{443DCC6F-BD25-3E32-5A38-A586A55D3067}.AntiBot|x86.ActiveCfg = AntiBot|Any CPU
		{443DCC6F-BD25-3E32-5A38-A586A55D3067}.AntiBot|x86.Build.0 = AntiBot|Any CPU
		{443DCC6F-BD25-3E32-5A38-A586A55D3067}.Debug|Any CPU.ActiveCfg = Debug|Any CPU
		{443DCC6F-BD25-3E32-5A38-A586A55D3067}.Debug|Any CPU.Build.0 = Debug|Any CPU
		{443DCC6F-BD25-3E32-5A38-A586A55D3067}.Debug|x64.ActiveCfg = Debug|Any CPU
		{443DCC6F-BD25-3E32-5A38-A586A55D3067}.Debug|x64.Build.0 = Debug|Any CPU
		{443DCC6F-BD25-3E32-5A38-A586A55D3067}.Debug|x86.ActiveCfg = Debug|Any CPU
		{443DCC6F-BD25-3E32-5A38-A586A55D3067}.Debug|x86.Build.0 = Debug|Any CPU
		{443DCC6F-BD25-3E32-5A38-A586A55D3067}.Release|Any CPU.ActiveCfg = Release|Any CPU
		{443DCC6F-BD25-3E32-5A38-A586A55D3067}.Release|Any CPU.Build.0 = Release|Any CPU
		{443DCC6F-BD25-3E32-5A38-A586A55D3067}.Release|x64.ActiveCfg = Release|Any CPU
		{443DCC6F-BD25-3E32-5A38-A586A55D3067}.Release|x64.Build.0 = Release|Any CPU
		{443DCC6F-BD25-3E32-5A38-A586A55D3067}.Release|x86.ActiveCfg = Release|Any CPU
		{443DCC6F-BD25-3E32-5A38-A586A55D3067}.Release|x86.Build.0 = Release|Any CPU
		{A4F6D151-5179-44A8-ACDE-5032C9E490BE}.AntiBot|Any CPU.ActiveCfg = Debug|Any CPU
		{A4F6D151-5179-44A8-ACDE-5032C9E490BE}.AntiBot|Any CPU.Build.0 = Debug|Any CPU
		{A4F6D151-5179-44A8-ACDE-5032C9E490BE}.AntiBot|x64.ActiveCfg = Debug|Any CPU
		{A4F6D151-5179-44A8-ACDE-5032C9E490BE}.AntiBot|x64.Build.0 = Debug|Any CPU
		{A4F6D151-5179-44A8-ACDE-5032C9E490BE}.AntiBot|x86.ActiveCfg = Debug|Any CPU
		{A4F6D151-5179-44A8-ACDE-5032C9E490BE}.AntiBot|x86.Build.0 = Debug|Any CPU
		{A4F6D151-5179-44A8-ACDE-5032C9E490BE}.Debug|Any CPU.ActiveCfg = Debug|Any CPU
		{A4F6D151-5179-44A8-ACDE-5032C9E490BE}.Debug|Any CPU.Build.0 = Debug|Any CPU
		{A4F6D151-5179-44A8-ACDE-5032C9E490BE}.Debug|x64.ActiveCfg = Debug|Any CPU
		{A4F6D151-5179-44A8-ACDE-5032C9E490BE}.Debug|x64.Build.0 = Debug|Any CPU
		{A4F6D151-5179-44A8-ACDE-5032C9E490BE}.Debug|x86.ActiveCfg = Debug|Any CPU
		{A4F6D151-5179-44A8-ACDE-5032C9E490BE}.Debug|x86.Build.0 = Debug|Any CPU
		{A4F6D151-5179-44A8-ACDE-5032C9E490BE}.Release|Any CPU.ActiveCfg = Release|Any CPU
		{A4F6D151-5179-44A8-ACDE-5032C9E490BE}.Release|Any CPU.Build.0 = Release|Any CPU
		{A4F6D151-5179-44A8-ACDE-5032C9E490BE}.Release|x64.ActiveCfg = Release|Any CPU
		{A4F6D151-5179-44A8-ACDE-5032C9E490BE}.Release|x64.Build.0 = Release|Any CPU
		{A4F6D151-5179-44A8-ACDE-5032C9E490BE}.Release|x86.ActiveCfg = Release|Any CPU
		{A4F6D151-5179-44A8-ACDE-5032C9E490BE}.Release|x86.Build.0 = Release|Any CPU
	EndGlobalSection
	GlobalSection(SolutionProperties) = preSolution
		HideSolutionNode = FALSE
	EndGlobalSection
	GlobalSection(ExtensibilityGlobals) = postSolution
		SolutionGuid = {3DCA07E0-FAC6-448C-8F68-671744BD02E4}
	EndGlobalSection
EndGlobal
